
Microsoft Visual Studio Solution File, Format Version 12.00
# Visual Studio Version 17
VisualStudioVersion = 17.12.35417.141
MinimumVisualStudioVersion = 10.0.40219.1
Project("{9A19103F-16F7-4668-BE54-9A1E7A4F7556}") = "fairdao.extensions.shared", "fairdao.extensions.shared\fairdao.extensions.shared.csproj", "{8AE805E6-1472-4AEC-8B29-DFDEF7DC4DCF}"
EndProject
Project("{2150E333-8FDC-42A3-9474-1A3956D46DE8}") = "解决方案项", "解决方案项", "{9FA3D6BD-1EC1-3BA5-80CB-CE02773A58D5}"
	ProjectSection(SolutionItems) = preProject
		..\..\.github\workflows\nuget.yml = ..\..\.github\workflows\nuget.yml
	EndProjectSection
EndProject
Global
	GlobalSection(SolutionConfigurationPlatforms) = preSolution
		Debug|Any CPU = Debug|Any CPU
		Release|Any CPU = Release|Any CPU
	EndGlobalSection
	GlobalSection(ProjectConfigurationPlatforms) = postSolution
		{8AE805E6-1472-4AEC-8B29-DFDEF7DC4DCF}.Debug|Any CPU.ActiveCfg = Debug|Any CPU
		{8AE805E6-1472-4AEC-8B29-DFDEF7DC4DCF}.Debug|Any CPU.Build.0 = Debug|Any CPU
		{8AE805E6-1472-4AEC-8B29-DFDEF7DC4DCF}.Release|Any CPU.ActiveCfg = Release|Any CPU
		{8AE805E6-1472-4AEC-8B29-DFDEF7DC4DCF}.Release|Any CPU.Build.0 = Release|Any CPU
	EndGlobalSection
	GlobalSection(SolutionProperties) = preSolution
		HideSolutionNode = FALSE
	EndGlobalSection
	GlobalSection(ExtensibilityGlobals) = postSolution
		SolutionGuid = {5C630C2F-E4C9-4B56-AF44-49500619AB08}
	EndGlobalSection
EndGlobal
