
Microsoft Visual Studio Solution File, Format Version 12.00
# Visual Studio Version 17
VisualStudioVersion = 17.12.35417.141
MinimumVisualStudioVersion = 10.0.40219.1
Project("{9A19103F-16F7-4668-BE54-9A1E7A4F7556}") = "fairdao.extensions.shared", "fairdao.extensions.shared\fairdao.extensions.shared.csproj", "{8AE805E6-1472-4AEC-8B29-DFDEF7DC4DCF}"
EndProject
Project("{9A19103F-16F7-4668-BE54-9A1E7A4F7556}") = "fairdao.maui.shared", "fairdao.maui.shared\fairdao.maui.shared.csproj", "{89733314-1CAD-48A1-8E77-75E06E00BF22}"
EndProject
Project("{9A19103F-16F7-4668-BE54-9A1E7A4F7556}") = "fairdao.h5.shared", "fairdao.h5.shared\fairdao.h5.shared.csproj", "{9D233905-14E7-4541-AE35-AAC3DF32A39B}"
EndProject
Project("{9A19103F-16F7-4668-BE54-9A1E7A4F7556}") = "fairdao.maui.demo", "fairdao.maui.demo\fairdao.maui.demo.csproj", "{F17683D4-71A9-433B-87B4-A75540698EDE}"
EndProject
Project("{9A19103F-16F7-4668-BE54-9A1E7A4F7556}") = "fairdao.h5.demo", "fairdao.h5.demo\fairdao.h5.demo.csproj", "{BB4A3365-38F8-413B-8424-487B400F2DF2}"
EndProject
Global
	GlobalSection(SolutionConfigurationPlatforms) = preSolution
		Debug|Any CPU = Debug|Any CPU
		Release|Any CPU = Release|Any CPU
	EndGlobalSection
	GlobalSection(ProjectConfigurationPlatforms) = postSolution
		{8AE805E6-1472-4AEC-8B29-DFDEF7DC4DCF}.Debug|Any CPU.ActiveCfg = Debug|Any CPU
		{8AE805E6-1472-4AEC-8B29-DFDEF7DC4DCF}.Debug|Any CPU.Build.0 = Debug|Any CPU
		{8AE805E6-1472-4AEC-8B29-DFDEF7DC4DCF}.Release|Any CPU.ActiveCfg = Release|Any CPU
		{8AE805E6-1472-4AEC-8B29-DFDEF7DC4DCF}.Release|Any CPU.Build.0 = Release|Any CPU
		{89733314-1CAD-48A1-8E77-75E06E00BF22}.Debug|Any CPU.ActiveCfg = Debug|Any CPU
		{89733314-1CAD-48A1-8E77-75E06E00BF22}.Debug|Any CPU.Build.0 = Debug|Any CPU
		{89733314-1CAD-48A1-8E77-75E06E00BF22}.Release|Any CPU.ActiveCfg = Release|Any CPU
		{89733314-1CAD-48A1-8E77-75E06E00BF22}.Release|Any CPU.Build.0 = Release|Any CPU
		{9D233905-14E7-4541-AE35-AAC3DF32A39B}.Debug|Any CPU.ActiveCfg = Debug|Any CPU
		{9D233905-14E7-4541-AE35-AAC3DF32A39B}.Debug|Any CPU.Build.0 = Debug|Any CPU
		{9D233905-14E7-4541-AE35-AAC3DF32A39B}.Release|Any CPU.ActiveCfg = Release|Any CPU
		{9D233905-14E7-4541-AE35-AAC3DF32A39B}.Release|Any CPU.Build.0 = Release|Any CPU
		{F17683D4-71A9-433B-87B4-A75540698EDE}.Debug|Any CPU.ActiveCfg = Debug|Any CPU
		{F17683D4-71A9-433B-87B4-A75540698EDE}.Debug|Any CPU.Build.0 = Debug|Any CPU
		{F17683D4-71A9-433B-87B4-A75540698EDE}.Debug|Any CPU.Deploy.0 = Debug|Any CPU
		{F17683D4-71A9-433B-87B4-A75540698EDE}.Release|Any CPU.ActiveCfg = Release|Any CPU
		{F17683D4-71A9-433B-87B4-A75540698EDE}.Release|Any CPU.Build.0 = Release|Any CPU
		{F17683D4-71A9-433B-87B4-A75540698EDE}.Release|Any CPU.Deploy.0 = Release|Any CPU
		{BB4A3365-38F8-413B-8424-487B400F2DF2}.Debug|Any CPU.ActiveCfg = Debug|Any CPU
		{BB4A3365-38F8-413B-8424-487B400F2DF2}.Debug|Any CPU.Build.0 = Debug|Any CPU
		{BB4A3365-38F8-413B-8424-487B400F2DF2}.Release|Any CPU.ActiveCfg = Release|Any CPU
		{BB4A3365-38F8-413B-8424-487B400F2DF2}.Release|Any CPU.Build.0 = Release|Any CPU
	EndGlobalSection
	GlobalSection(SolutionProperties) = preSolution
		HideSolutionNode = FALSE
	EndGlobalSection
	GlobalSection(ExtensibilityGlobals) = postSolution
		SolutionGuid = {5C630C2F-E4C9-4B56-AF44-49500619AB08}
	EndGlobalSection
EndGlobal
